PODS:
  - AFNetworking (3.1.0):
    - AFNetworking/NSURLSession (= 3.1.0)
    - AFNetworking/Reachability (= 3.1.0)
    - AFNetworking/Security (= 3.1.0)
    - AFNetworking/Serialization (= 3.1.0)
    - AFNetworking/UIKit (= 3.1.0)
  - AFNetworking/NSURLSession (3.1.0):
    - AFNetworking/Reachability
    - AFNetworking/Security
    - AFNetworking/Serialization
  - AFNetworking/Reachability (3.1.0)
  - AFNetworking/Security (3.1.0)
  - AFNetworking/Serialization (3.1.0)
  - AFNetworking/UIKit (3.1.0):
    - AFNetworking/NSURLSession
  - FMDB (2.6.2):
    - FMDB/standard (= 2.6.2)
  - FMDB/standard (2.6.2)
  - JSONModel (1.2.0)
  - KVOController (1.1.0)
  - MyLayout (1.1.5)
  - ReactiveCocoa (2.5):
    - ReactiveCocoa/UI (= 2.5)
  - ReactiveCocoa/Core (2.5):
    - ReactiveCocoa/no-arc
  - ReactiveCocoa/no-arc (2.5)
  - ReactiveCocoa/UI (2.5):
    - ReactiveCocoa/Core
  - SAMAddressBar (0.1.0)
  - SAMBadgeView (0.1.1)
  - SAMCategories (0.5.2)
  - SAMCircleProgressView (0.1.1)
  - SAMGradientView (0.2.1)
  - SAMHUDView (0.1.3)
  - SAMLabel (0.1.0)
  - SAMLoadingView (0.1.0)
  - SAMRateLimit (0.2.1)
  - SAMTextField (0.1.2)
  - SAMTextView (0.2.2)
  - SAMWebView (0.2.1)
  - SSToolkit (2.0.0):
    - SAMAddressBar
    - SAMBadgeView
    - SAMCategories
    - SAMCircleProgressView
    - SAMGradientView
    - SAMHUDView
    - SAMLabel
    - SAMLoadingView
    - SAMRateLimit
    - SAMTextField
    - SAMTextView
    - SAMWebView

DEPENDENCIES:
  - AFNetworking
  - FMDB
  - JSONModel
  - KVOController
  - MyLayout (~> 1.1.5)
  - ReactiveCocoa
  - SSToolkit

SPEC CHECKSUMS:
  AFNetworking: 5e0e199f73d8626b11e79750991f5d173d1f8b67
  FMDB: 854a0341b4726e53276f2a8996f06f1b80f9259a
  JSONModel: 12523685c4b623553ccf844bbbf7007624317b2c
  KVOController: 321b5fc59300fcaabd42c0f679baa7a27efbb2fd
  MyLayout: 484a6d6ccf459b404b2feb15ad4954833a85ac8b
  ReactiveCocoa: e2db045570aa97c695e7aa97c2bcab222ae51f4a
  SAMAddressBar: ca4278987cca36a65fd8d29fae3fc5f3fa732469
  SAMBadgeView: f27d499b7f233e29277325f318a9dcdd2a8fc9e9
  SAMCategories: bf8287f7961a0b343168d1fee16338dc1626ea39
  SAMCircleProgressView: 8bfac68a15d1dd1e3d0c1ec411895898efed9dda
  SAMGradientView: dd5edfe971cea0f1f3369b49f5fb255c0ff3921a
  SAMHUDView: 374d9b53c2d52bf2e7b49e943ae66ee7ed5538b2
  SAMLabel: 3792d68d0a04da5600420843d44ec50631695c15
  SAMLoadingView: 7ffc4f0efe85f9717d6e367b6b93e32befe4407c
  SAMRateLimit: 5514d7c95a4b98ff9616f965c132252fbff0c5b7
  SAMTextField: a0f4eb5b48b45aef56453c265262b45154bc3e2a
  SAMTextView: 979c43bb1fa5859ddfbfeb35e9c296a2b0ec55fd
  SAMWebView: d141ed60d23f82a0cbfeeb952e93a690f55bc89f
  SSToolkit: 6aa7a0966ee45788d0ec3748be7d753a2fef9629

PODFILE CHECKSUM: 4aef2eaaa1186553d10f16b2a967a6d69dcbb140

COCOAPODS: 1.0.0.beta.4
