// !$*UTF8*$!
{
	archiveVersion = 1;
	classes = {
	};
	objectVersion = 46;
	objects = {

/* Begin PBXBuildFile section */
		13D281D097D09752998201EA /* libPods-ThFrameworkPods.a in Frameworks */ = {isa = PBXBuildFile; fileRef = DA3BA5D46E11A5D72224952F /* libPods-ThFrameworkPods.a */; };
		1BEC605F05E875382C65EF9E /* MMVMTestViewModel.m in Sources */ = {isa = PBXBuildFile; fileRef = 1BEC61F8D4D4B9FF79BB7B93 /* MMVMTestViewModel.m */; };
		1BEC60807EF28A13E64C96B5 /* ThModel+Th.m in Sources */ = {isa = PBXBuildFile; fileRef = 1BEC670D85E2A4599A518DC9 /* ThModel+Th.m */; };
		1BEC60D922D4E24EB7916A55 /* IStyle.m in Sources */ = {isa = PBXBuildFile; fileRef = 1BEC6AA4CD583E6D50A3ED5A /* IStyle.m */; };
		1BEC6121D8B0966057109EEF /* ICssRule.m in Sources */ = {isa = PBXBuildFile; fileRef = 1BEC6DAD71B269311AB4D8F2 /* ICssRule.m */; };
		1BEC612FF997772242D625DC /* LoginViewModel.m in Sources */ = {isa = PBXBuildFile; fileRef = 1BEC64962847113262B2D9BF /* LoginViewModel.m */; };
		1BEC618986D2023ACFDBBDFA /* login.xml in Resources */ = {isa = PBXBuildFile; fileRef = 1BEC6DD1B9EA0CCD29D5B67C /* login.xml */; };
		1BEC61F649356ABEF695A045 /* IView.m in Sources */ = {isa = PBXBuildFile; fileRef = 1BEC6964E74F9BB642D77C80 /* IView.m */; };
		1BEC61FCC2433DF8BE1EC34B /* IMaskUIView.m in Sources */ = {isa = PBXBuildFile; fileRef = 1BEC64CFFFACE1E454670E11 /* IMaskUIView.m */; };
		1BEC6286D2FAEC1791CD577F /* ITable.m in Sources */ = {isa = PBXBuildFile; fileRef = 1BEC626419557040DF8A9EE5 /* ITable.m */; };
		1BEC631B0F6B478DD9C17F2D /* ThViewModel.m in Sources */ = {isa = PBXBuildFile; fileRef = 1BEC6D9855DC3EE60B6C475C /* ThViewModel.m */; };
		1BEC631F657F29BF93045FCE /* DTHTMLParser.m in Sources */ = {isa = PBXBuildFile; fileRef = 1BEC66972B7DBCE40941A6CC /* DTHTMLParser.m */; };
		1BEC6381778D47CDB346C016 /* ThMacro.m in Sources */ = {isa = PBXBuildFile; fileRef = 1BEC6BF9E6FEFDA8E00F1939 /* ThMacro.m */; };
		1BEC63AA4433E7698F06D5E7 /* LoginController.m in Sources */ = {isa = PBXBuildFile; fileRef = 1BEC678C0875435CA67674A1 /* LoginController.m */; };
		1BEC63D08C7FA974BEB45DE0 /* mmvmtest.css in Resources */ = {isa = PBXBuildFile; fileRef = 1BEC677F8DCFC2D55D6D28D1 /* mmvmtest.css */; };
		1BEC63DB2B23F9DC1A08AE0C /* IResourceMananger.m in Sources */ = {isa = PBXBuildFile; fileRef = 1BEC685C3F8EF895419395C1 /* IResourceMananger.m */; };
		1BEC63F05187F665554919EF /* IDict.m in Sources */ = {isa = PBXBuildFile; fileRef = 1BEC689B67FADBBADB3F9034 /* IDict.m */; };
		1BEC64659F060FAB09E01A21 /* IKitUtil.m in Sources */ = {isa = PBXBuildFile; fileRef = 1BEC65B9A1C33C1C9915C0DB /* IKitUtil.m */; };
		1BEC647326B4EF7D00700F92 /* ic_pass.png in Resources */ = {isa = PBXBuildFile; fileRef = 1BEC674DFA23FE9334AD991A /* ic_pass.png */; };
		1BEC65780EE23B361D997490 /* ICell.m in Sources */ = {isa = PBXBuildFile; fileRef = 1BEC6AEDA1998CDE4B38E909 /* ICell.m */; };
		1BEC6583311192D88B697A2C /* INSXmlViewLoader.m in Sources */ = {isa = PBXBuildFile; fileRef = 1BEC6259B7E10C4C53559718 /* INSXmlViewLoader.m */; };
		1BEC6583B7AF4BF0D17E4AE6 /* IDTHTMLViewLoader.m in Sources */ = {isa = PBXBuildFile; fileRef = 1BEC6EB5E8FC383C7423FFCA /* IDTHTMLViewLoader.m */; };
		1BEC6654CAB8CF14C7377F6F /* IViewLoader.m in Sources */ = {isa = PBXBuildFile; fileRef = 1BEC6EE6BCB43CD97F90D631 /* IViewLoader.m */; };
		1BEC66B6D0AA74569E8C3881 /* IImage.m in Sources */ = {isa = PBXBuildFile; fileRef = 1BEC6090806CED1CC6D11125 /* IImage.m */; };
		1BEC66C9A28C121CC4CD72B1 /* IRefreshControl.m in Sources */ = {isa = PBXBuildFile; fileRef = 1BEC6AA047876F403C752BFF /* IRefreshControl.m */; };
		1BEC6701A9221CC4A485D599 /* Studio.m in Sources */ = {isa = PBXBuildFile; fileRef = 1BEC6BCA364C20B05297AF89 /* Studio.m */; };
		1BEC6711BDF6F9683F89ABE7 /* Th.m in Sources */ = {isa = PBXBuildFile; fileRef = 1BEC6C251FB0A6A18D24BE8E /* Th.m */; };
		1BEC673EEBD8C719E93D3391 /* RSA.m in Sources */ = {isa = PBXBuildFile; fileRef = 1BEC62176F694A6CB291631C /* RSA.m */; };
		1BEC676DDEEE690DBBE13C29 /* ILabel.m in Sources */ = {isa = PBXBuildFile; fileRef = 1BEC6FC57ED12F4699AE5854 /* ILabel.m */; };
		1BEC67E4F9561BA48F8933F9 /* login.css in Resources */ = {isa = PBXBuildFile; fileRef = 1BEC65FD5BDEEB16B6F75F32 /* login.css */; };
		1BEC67ED8DA9921E08D7DACF /* NSString+UrlToKey.m in Sources */ = {isa = PBXBuildFile; fileRef = 1BEC60E7F5D70CDB56ED2616 /* NSString+UrlToKey.m */; };
		1BEC67EE16E878F0636CED11 /* IFlowLayout.m in Sources */ = {isa = PBXBuildFile; fileRef = 1BEC61CBA8A0988B52CD6CEB /* IFlowLayout.m */; };
		1BEC68AB70F51CC9B4A845CE /* IInput.m in Sources */ = {isa = PBXBuildFile; fileRef = 1BEC6BDAE0B29D56D5A9552D /* IInput.m */; };
		1BEC6908EF371F8302282A42 /* mmvmtest.xml in Resources */ = {isa = PBXBuildFile; fileRef = 1BEC6C23256B86891BC02FE1 /* mmvmtest.xml */; };
		1BEC691AA42F641D8C3364B7 /* MMVMTestActivity.m in Sources */ = {isa = PBXBuildFile; fileRef = 1BEC6051EF532571E90BB35B /* MMVMTestActivity.m */; };
		1BEC693A1DEBABA37EB3B44F /* IPopover.m in Sources */ = {isa = PBXBuildFile; fileRef = 1BEC6A96FFA7D23E66AEFCAF /* IPopover.m */; };
		1BEC6997BB43A6CFE64E2F52 /* Text.m in Sources */ = {isa = PBXBuildFile; fileRef = 1BEC6730CB70F30DACF3F11E /* Text.m */; };
		1BEC69B727FC3EECA1FC7D7D /* LoginApi.m in Sources */ = {isa = PBXBuildFile; fileRef = 1BEC63DDADF089CE4788378C /* LoginApi.m */; };
		1BEC69C7D8735E559DA94D5B /* ThModel.m in Sources */ = {isa = PBXBuildFile; fileRef = 1BEC66589064DD468D36301E /* ThModel.m */; };
		1BEC6A01AEB5C8186D037E30 /* ic_captcha.png in Resources */ = {isa = PBXBuildFile; fileRef = 1BEC672D6E781E676F00F359 /* ic_captcha.png */; };
		1BEC6A4F4EEAB0069B9113D4 /* user.png in Resources */ = {isa = PBXBuildFile; fileRef = 1BEC65004DE206BC33B22F2A /* user.png */; };
		1BEC6A6B07DA374E583111DE /* LoginActivity.m in Sources */ = {isa = PBXBuildFile; fileRef = 1BEC65EA235347E99121560C /* LoginActivity.m */; };
		1BEC6A89E47653B6911A364D /* LoginModel.m in Sources */ = {isa = PBXBuildFile; fileRef = 1BEC6E86820C10BD3A5F41B6 /* LoginModel.m */; };
		1BEC6AFB2E3D56224FF4EA41 /* IPullRefresh.m in Sources */ = {isa = PBXBuildFile; fileRef = 1BEC6033A10FAD2D80C14255 /* IPullRefresh.m */; };
		1BEC6B39C5965F68BB4E3ECA /* ThActivity.m in Sources */ = {isa = PBXBuildFile; fileRef = 1BEC6E39DDB48B7DD3595518 /* ThActivity.m */; };
		1BEC6C0ECA00A0CE7660C502 /* ISwitch.m in Sources */ = {isa = PBXBuildFile; fileRef = 1BEC659B35786F4BD82CF1D4 /* ISwitch.m */; };
		1BEC6C5EF45F98216DA39925 /* ICellView.m in Sources */ = {isa = PBXBuildFile; fileRef = 1BEC6329D97E386D764342F0 /* ICellView.m */; };
		1BEC6C8469591F86B769F255 /* ThJSON.m in Sources */ = {isa = PBXBuildFile; fileRef = 1BEC6B62280A3772FC803BF6 /* ThJSON.m */; };
		1BEC6D42A30C7AF4B45A2E09 /* Person.m in Sources */ = {isa = PBXBuildFile; fileRef = 1BEC65CCFD70FA5F3FAB7F6E /* Person.m */; };
		1BEC6D4C733E374AB5E2082F /* ic_name.png in Resources */ = {isa = PBXBuildFile; fileRef = 1BEC674D23CCE7A3F071DBAB /* ic_name.png */; };
		1BEC6D65880C1C15E633CE0D /* IObj.m in Sources */ = {isa = PBXBuildFile; fileRef = 1BEC6DA8D97CCC9136E79FCA /* IObj.m */; };
		1BEC6D68B9690A1E680E1512 /* Http.m in Sources */ = {isa = PBXBuildFile; fileRef = 1BEC6DD2BF168D44DB50BF0E /* Http.m */; };
		1BEC6D89B985CEA626C06598 /* ITableRow.m in Sources */ = {isa = PBXBuildFile; fileRef = 1BEC6E9EBB76C491414EDE27 /* ITableRow.m */; };
		1BEC6DD4735BC5B304B29915 /* IStyleSheet.m in Sources */ = {isa = PBXBuildFile; fileRef = 1BEC6F4B5EC03A99805AA1E9 /* IStyleSheet.m */; };
		1BEC6E9A712681957960E3D7 /* ThKOVController.m in Sources */ = {isa = PBXBuildFile; fileRef = 1BEC67D3FEA698842AF5D9EE /* ThKOVController.m */; };
		1BEC6F1AD4107BBFB4E9157D /* ICssBlock.m in Sources */ = {isa = PBXBuildFile; fileRef = 1BEC6404181530521CCF9683 /* ICssBlock.m */; };
		1BEC6F256BAC695F82B8142F /* MMVMTestModel.m in Sources */ = {isa = PBXBuildFile; fileRef = 1BEC6BB046E4620F80D7581F /* MMVMTestModel.m */; };
		1BEC6F7B8E012EBE40D31210 /* MMVMTestDataController.m in Sources */ = {isa = PBXBuildFile; fileRef = 1BEC6BA16F18CFBA7F2B05B7 /* MMVMTestDataController.m */; };
		1BEC6F80CA9DB32794BD8C62 /* IButton.m in Sources */ = {isa = PBXBuildFile; fileRef = 1BEC6A31141D67561AA41098 /* IButton.m */; };
		1BEC6FB3A996BDC57FAA9579 /* ICssDecl.m in Sources */ = {isa = PBXBuildFile; fileRef = 1BEC6FB13D629D1870A58C97 /* ICssDecl.m */; };
		3D86D7441CBBAB83001B936C /* main.m in Sources */ = {isa = PBXBuildFile; fileRef = 3D86D7431CBBAB83001B936C /* main.m */; };
		3D86D7471CBBAB83001B936C /* AppDelegate.m in Sources */ = {isa = PBXBuildFile; fileRef = 3D86D7461CBBAB83001B936C /* AppDelegate.m */; };
		3D86D74A1CBBAB83001B936C /* ViewController.m in Sources */ = {isa = PBXBuildFile; fileRef = 3D86D7491CBBAB83001B936C /* ViewController.m */; };
		3D86D74D1CBBAB83001B936C /* Main.storyboard in Resources */ = {isa = PBXBuildFile; fileRef = 3D86D74B1CBBAB83001B936C /* Main.storyboard */; };
		3D86D7501CBBAB83001B936C /* ThFrameworkPods.xcdatamodeld in Sources */ = {isa = PBXBuildFile; fileRef = 3D86D74E1CBBAB83001B936C /* ThFrameworkPods.xcdatamodeld */; };
		3D86D7521CBBAB83001B936C /* Assets.xcassets in Resources */ = {isa = PBXBuildFile; fileRef = 3D86D7511CBBAB83001B936C /* Assets.xcassets */; };
		3D86D7551CBBAB83001B936C /* LaunchScreen.storyboard in Resources */ = {isa = PBXBuildFile; fileRef = 3D86D7531CBBAB83001B936C /* LaunchScreen.storyboard */; };
		3D86D7601CBBAB83001B936C /* ThFrameworkPodsTests.m in Sources */ = {isa = PBXBuildFile; fileRef = 3D86D75F1CBBAB83001B936C /* ThFrameworkPodsTests.m */; };
		3D86D76B1CBBAB83001B936C /* ThFrameworkPodsUITests.m in Sources */ = {isa = PBXBuildFile; fileRef = 3D86D76A1CBBAB83001B936C /* ThFrameworkPodsUITests.m */; };
		3D901F491CBF67A100F108EF /* libxml2.tbd in Frameworks */ = {isa = PBXBuildFile; fileRef = 3D901F471CBF674800F108EF /* libxml2.tbd */; };
		3D901F4C1CBF8EEA00F108EF /* TestTableViewController.m in Sources */ = {isa = PBXBuildFile; fileRef = 3D901F4B1CBF8EEA00F108EF /* TestTableViewController.m */; };
/* End PBXBuildFile section */

/* Begin PBXContainerItemProxy section */
		3D86D75C1CBBAB83001B936C /* PBXContainerItemProxy */ = {
			isa = PBXContainerItemProxy;
			containerPortal = 3D86D7371CBBAB83001B936C /* Project object */;
			proxyType = 1;
			remoteGlobalIDString = 3D86D73E1CBBAB83001B936C;
			remoteInfo = ThFrameworkPods;
		};
		3D86D7671CBBAB83001B936C /* PBXContainerItemProxy */ = {
			isa = PBXContainerItemProxy;
			containerPortal = 3D86D7371CBBAB83001B936C /* Project object */;
			proxyType = 1;
			remoteGlobalIDString = 3D86D73E1CBBAB83001B936C;
			remoteInfo = ThFrameworkPods;
		};
/* End PBXContainerItemProxy section */

/* Begin PBXFileReference section */
		1BEC6033A10FAD2D80C14255 /* IPullRefresh.m */ = {isa = PBXFileReference; fileEncoding = 4; lastKnownFileType = sourcecode.c.objc; path = IPullRefresh.m; sourceTree = "<group>"; };
		1BEC6051EF532571E90BB35B /* MMVMTestActivity.m */ = {isa = PBXFileReference; fileEncoding = 4; lastKnownFileType = sourcecode.c.objc; path = MMVMTestActivity.m; sourceTree = "<group>"; };
		1BEC6082F7F72F590620360F /* IButton.h */ = {isa = PBXFileReference; fileEncoding = 4; lastKnownFileType = sourcecode.c.h; path = IButton.h; sourceTree = "<group>"; };
		1BEC6090806CED1CC6D11125 /* IImage.m */ = {isa = PBXFileReference; fileEncoding = 4; lastKnownFileType = sourcecode.c.objc; path = IImage.m; sourceTree = "<group>"; };
		1BEC60E7F5D70CDB56ED2616 /* NSString+UrlToKey.m */ = {isa = PBXFileReference; fileEncoding = 4; lastKnownFileType = sourcecode.c.objc; path = "NSString+UrlToKey.m"; sourceTree = "<group>"; };
		1BEC61007E2F78C23507AF55 /* IPullRefresh.h */ = {isa = PBXFileReference; fileEncoding = 4; lastKnownFileType = sourcecode.c.h; path = IPullRefresh.h; sourceTree = "<group>"; };
		1BEC614E876FF3F1A9057C2B /* MMVMTestDataController.h */ = {isa = PBXFileReference; fileEncoding = 4; lastKnownFileType = sourcecode.c.h; path = MMVMTestDataController.h; sourceTree = "<group>"; };
		1BEC615896612653562BD5E3 /* ThKOVController.h */ = {isa = PBXFileReference; fileEncoding = 4; lastKnownFileType = sourcecode.c.h; path = ThKOVController.h; sourceTree = "<group>"; };
		1BEC6179CCF382B63E1507A1 /* IStyle.h */ = {isa = PBXFileReference; fileEncoding = 4; lastKnownFileType = sourcecode.c.h; path = IStyle.h; sourceTree = "<group>"; };
		1BEC61984C335D6F749A47B0 /* RSA.h */ = {isa = PBXFileReference; fileEncoding = 4; lastKnownFileType = sourcecode.c.h; path = RSA.h; sourceTree = "<group>"; };
		1BEC61AD833F00D9F13A4F14 /* IRefreshControl.h */ = {isa = PBXFileReference; fileEncoding = 4; lastKnownFileType = sourcecode.c.h; path = IRefreshControl.h; sourceTree = "<group>"; };
		1BEC61CBA8A0988B52CD6CEB /* IFlowLayout.m */ = {isa = PBXFileReference; fileEncoding = 4; lastKnownFileType = sourcecode.c.objc; path = IFlowLayout.m; sourceTree = "<group>"; };
		1BEC61F7B9355A724C4CD528 /* ICell.h */ = {isa = PBXFileReference; fileEncoding = 4; lastKnownFileType = sourcecode.c.h; path = ICell.h; sourceTree = "<group>"; };
		1BEC61F8D4D4B9FF79BB7B93 /* MMVMTestViewModel.m */ = {isa = PBXFileReference; fileEncoding = 4; lastKnownFileType = sourcecode.c.objc; path = MMVMTestViewModel.m; sourceTree = "<group>"; };
		1BEC62176F694A6CB291631C /* RSA.m */ = {isa = PBXFileReference; fileEncoding = 4; lastKnownFileType = sourcecode.c.objc; path = RSA.m; sourceTree = "<group>"; };
		1BEC623405E7AB318DED598A /* IInput.h */ = {isa = PBXFileReference; fileEncoding = 4; lastKnownFileType = sourcecode.c.h; path = IInput.h; sourceTree = "<group>"; };
		1BEC624BA87D0D5D9F84604E /* MMVMTestActivity.h */ = {isa = PBXFileReference; fileEncoding = 4; lastKnownFileType = sourcecode.c.h; path = MMVMTestActivity.h; sourceTree = "<group>"; };
		1BEC6259B7E10C4C53559718 /* INSXmlViewLoader.m */ = {isa = PBXFileReference; fileEncoding = 4; lastKnownFileType = sourcecode.c.objc; path = INSXmlViewLoader.m; sourceTree = "<group>"; };
		1BEC625FAC9BD02F0D739218 /* IKitUtil.h */ = {isa = PBXFileReference; fileEncoding = 4; lastKnownFileType = sourcecode.c.h; path = IKitUtil.h; sourceTree = "<group>"; };
		1BEC626419557040DF8A9EE5 /* ITable.m */ = {isa = PBXFileReference; fileEncoding = 4; lastKnownFileType = sourcecode.c.objc; path = ITable.m; sourceTree = "<group>"; };
		1BEC6329D97E386D764342F0 /* ICellView.m */ = {isa = PBXFileReference; fileEncoding = 4; lastKnownFileType = sourcecode.c.objc; path = ICellView.m; sourceTree = "<group>"; };
		1BEC633AC1E97731F178DE0D /* Person.h */ = {isa = PBXFileReference; fileEncoding = 4; lastKnownFileType = sourcecode.c.h; path = Person.h; sourceTree = "<group>"; };
		1BEC63D0FEA4D24C3B2CE654 /* ICssBlock.h */ = {isa = PBXFileReference; fileEncoding = 4; lastKnownFileType = sourcecode.c.h; path = ICssBlock.h; sourceTree = "<group>"; };
		1BEC63DDADF089CE4788378C /* LoginApi.m */ = {isa = PBXFileReference; fileEncoding = 4; lastKnownFileType = sourcecode.c.objc; path = LoginApi.m; sourceTree = "<group>"; };
		1BEC6404181530521CCF9683 /* ICssBlock.m */ = {isa = PBXFileReference; fileEncoding = 4; lastKnownFileType = sourcecode.c.objc; path = ICssBlock.m; sourceTree = "<group>"; };
		1BEC641866294315365FEA97 /* ThModel+Th.h */ = {isa = PBXFileReference; fileEncoding = 4; lastKnownFileType = sourcecode.c.h; path = "ThModel+Th.h"; sourceTree = "<group>"; };
		1BEC643E49CBCAF270076EF6 /* LoginApi.h */ = {isa = PBXFileReference; fileEncoding = 4; lastKnownFileType = sourcecode.c.h; path = LoginApi.h; sourceTree = "<group>"; };
		1BEC648AE880E78A60DA2D61 /* ICssDecl.h */ = {isa = PBXFileReference; fileEncoding = 4; lastKnownFileType = sourcecode.c.h; path = ICssDecl.h; sourceTree = "<group>"; };
		1BEC64962847113262B2D9BF /* LoginViewModel.m */ = {isa = PBXFileReference; fileEncoding = 4; lastKnownFileType = sourcecode.c.objc; path = LoginViewModel.m; sourceTree = "<group>"; };
		1BEC649FFB44E114E07710E5 /* LoginController.h */ = {isa = PBXFileReference; fileEncoding = 4; lastKnownFileType = sourcecode.c.h; path = LoginController.h; sourceTree = "<group>"; };
		1BEC64B4872BDBE290F1419A /* Http.h */ = {isa = PBXFileReference; fileEncoding = 4; lastKnownFileType = sourcecode.c.h; path = Http.h; sourceTree = "<group>"; };
		1BEC64CDF21165D785387C4F /* ThJSON.h */ = {isa = PBXFileReference; fileEncoding = 4; lastKnownFileType = sourcecode.c.h; path = ThJSON.h; sourceTree = "<group>"; };
		1BEC64CFFFACE1E454670E11 /* IMaskUIView.m */ = {isa = PBXFileReference; fileEncoding = 4; lastKnownFileType = sourcecode.c.objc; path = IMaskUIView.m; sourceTree = "<group>"; };
		1BEC64FB5CBE4C9005049BED /* MMVMTestViewModel.h */ = {isa = PBXFileReference; fileEncoding = 4; lastKnownFileType = sourcecode.c.h; path = MMVMTestViewModel.h; sourceTree = "<group>"; };
		1BEC65004DE206BC33B22F2A /* user.png */ = {isa = PBXFileReference; lastKnownFileType = image.png; path = user.png; sourceTree = "<group>"; };
		1BEC656306342891AD9A2F7C /* Text.h */ = {isa = PBXFileReference; fileEncoding = 4; lastKnownFileType = sourcecode.c.h; path = Text.h; sourceTree = "<group>"; };
		1BEC659B35786F4BD82CF1D4 /* ISwitch.m */ = {isa = PBXFileReference; fileEncoding = 4; lastKnownFileType = sourcecode.c.objc; path = ISwitch.m; sourceTree = "<group>"; };
		1BEC65B03BF66F2D3569F156 /* IView.h */ = {isa = PBXFileReference; fileEncoding = 4; lastKnownFileType = sourcecode.c.h; path = IView.h; sourceTree = "<group>"; };
		1BEC65B9A1C33C1C9915C0DB /* IKitUtil.m */ = {isa = PBXFileReference; fileEncoding = 4; lastKnownFileType = sourcecode.c.objc; path = IKitUtil.m; sourceTree = "<group>"; };
		1BEC65CCFD70FA5F3FAB7F6E /* Person.m */ = {isa = PBXFileReference; fileEncoding = 4; lastKnownFileType = sourcecode.c.objc; path = Person.m; sourceTree = "<group>"; };
		1BEC65EA235347E99121560C /* LoginActivity.m */ = {isa = PBXFileReference; fileEncoding = 4; lastKnownFileType = sourcecode.c.objc; path = LoginActivity.m; sourceTree = "<group>"; };
		1BEC65FD5BDEEB16B6F75F32 /* login.css */ = {isa = PBXFileReference; fileEncoding = 4; lastKnownFileType = text.css; path = login.css; sourceTree = "<group>"; };
		1BEC661BE97F9940430435F9 /* DTHTMLParser.h */ = {isa = PBXFileReference; fileEncoding = 4; lastKnownFileType = sourcecode.c.h; path = DTHTMLParser.h; sourceTree = "<group>"; };
		1BEC66348381EE8CDCCCF495 /* IObj.h */ = {isa = PBXFileReference; fileEncoding = 4; lastKnownFileType = sourcecode.c.h; path = IObj.h; sourceTree = "<group>"; };
		1BEC664AFD6E987E8F24E221 /* ThViewModel.h */ = {isa = PBXFileReference; fileEncoding = 4; lastKnownFileType = sourcecode.c.h; path = ThViewModel.h; sourceTree = "<group>"; };
		1BEC66589064DD468D36301E /* ThModel.m */ = {isa = PBXFileReference; fileEncoding = 4; lastKnownFileType = sourcecode.c.objc; path = ThModel.m; sourceTree = "<group>"; };
		1BEC668F9A2703E4C2715EA5 /* IImage.h */ = {isa = PBXFileReference; fileEncoding = 4; lastKnownFileType = sourcecode.c.h; path = IImage.h; sourceTree = "<group>"; };
		1BEC66972B7DBCE40941A6CC /* DTHTMLParser.m */ = {isa = PBXFileReference; fileEncoding = 4; lastKnownFileType = sourcecode.c.objc; path = DTHTMLParser.m; sourceTree = "<group>"; };
		1BEC66EF81200A277BABFAC8 /* LoginModel.h */ = {isa = PBXFileReference; fileEncoding = 4; lastKnownFileType = sourcecode.c.h; path = LoginModel.h; sourceTree = "<group>"; };
		1BEC66FF98FB6901B8B7D1F1 /* IStyleSheet.h */ = {isa = PBXFileReference; fileEncoding = 4; lastKnownFileType = sourcecode.c.h; path = IStyleSheet.h; sourceTree = "<group>"; };
		1BEC670D85E2A4599A518DC9 /* ThModel+Th.m */ = {isa = PBXFileReference; fileEncoding = 4; lastKnownFileType = sourcecode.c.objc; path = "ThModel+Th.m"; sourceTree = "<group>"; };
		1BEC6726BE247AD43CAC97DC /* IMaskUIView.h */ = {isa = PBXFileReference; fileEncoding = 4; lastKnownFileType = sourcecode.c.h; path = IMaskUIView.h; sourceTree = "<group>"; };
		1BEC672D6E781E676F00F359 /* ic_captcha.png */ = {isa = PBXFileReference; lastKnownFileType = image.png; path = ic_captcha.png; sourceTree = "<group>"; };
		1BEC6730CB70F30DACF3F11E /* Text.m */ = {isa = PBXFileReference; fileEncoding = 4; lastKnownFileType = sourcecode.c.objc; path = Text.m; sourceTree = "<group>"; };
		1BEC674D23CCE7A3F071DBAB /* ic_name.png */ = {isa = PBXFileReference; lastKnownFileType = image.png; path = ic_name.png; sourceTree = "<group>"; };
		1BEC674DFA23FE9334AD991A /* ic_pass.png */ = {isa = PBXFileReference; lastKnownFileType = image.png; path = ic_pass.png; sourceTree = "<group>"; };
		1BEC677F8DCFC2D55D6D28D1 /* mmvmtest.css */ = {isa = PBXFileReference; fileEncoding = 4; lastKnownFileType = text.css; path = mmvmtest.css; sourceTree = "<group>"; };
		1BEC678C0875435CA67674A1 /* LoginController.m */ = {isa = PBXFileReference; fileEncoding = 4; lastKnownFileType = sourcecode.c.objc; path = LoginController.m; sourceTree = "<group>"; };
		1BEC67B226BAA349785E5811 /* IPopover.h */ = {isa = PBXFileReference; fileEncoding = 4; lastKnownFileType = sourcecode.c.h; path = IPopover.h; sourceTree = "<group>"; };
		1BEC67CFEE4BEEB1D35E3D6F /* IViewLoader.h */ = {isa = PBXFileReference; fileEncoding = 4; lastKnownFileType = sourcecode.c.h; path = IViewLoader.h; sourceTree = "<group>"; };
		1BEC67D3FEA698842AF5D9EE /* ThKOVController.m */ = {isa = PBXFileReference; fileEncoding = 4; lastKnownFileType = sourcecode.c.objc; path = ThKOVController.m; sourceTree = "<group>"; };
		1BEC680B44B53ECD53F60223 /* INSXmlViewLoader.h */ = {isa = PBXFileReference; fileEncoding = 4; lastKnownFileType = sourcecode.c.h; path = INSXmlViewLoader.h; sourceTree = "<group>"; };
		1BEC685C3F8EF895419395C1 /* IResourceMananger.m */ = {isa = PBXFileReference; fileEncoding = 4; lastKnownFileType = sourcecode.c.objc; path = IResourceMananger.m; sourceTree = "<group>"; };
		1BEC689B67FADBBADB3F9034 /* IDict.m */ = {isa = PBXFileReference; fileEncoding = 4; lastKnownFileType = sourcecode.c.objc; path = IDict.m; sourceTree = "<group>"; };
		1BEC68EBEC7FB7F0D3788A33 /* IKit.h */ = {isa = PBXFileReference; fileEncoding = 4; lastKnownFileType = sourcecode.c.h; path = IKit.h; sourceTree = "<group>"; };
		1BEC6910C34F971FEE3EE074 /* LoginViewModel.h */ = {isa = PBXFileReference; fileEncoding = 4; lastKnownFileType = sourcecode.c.h; path = LoginViewModel.h; sourceTree = "<group>"; };
		1BEC6964E74F9BB642D77C80 /* IView.m */ = {isa = PBXFileReference; fileEncoding = 4; lastKnownFileType = sourcecode.c.objc; path = IView.m; sourceTree = "<group>"; };
		1BEC69E3D047ED3E0D975611 /* IResourceMananger.h */ = {isa = PBXFileReference; fileEncoding = 4; lastKnownFileType = sourcecode.c.h; path = IResourceMananger.h; sourceTree = "<group>"; };
		1BEC6A31141D67561AA41098 /* IButton.m */ = {isa = PBXFileReference; fileEncoding = 4; lastKnownFileType = sourcecode.c.objc; path = IButton.m; sourceTree = "<group>"; };
		1BEC6A58B925F9B26B45856E /* ICssRule.h */ = {isa = PBXFileReference; fileEncoding = 4; lastKnownFileType = sourcecode.c.h; path = ICssRule.h; sourceTree = "<group>"; };
		1BEC6A96FFA7D23E66AEFCAF /* IPopover.m */ = {isa = PBXFileReference; fileEncoding = 4; lastKnownFileType = sourcecode.c.objc; path = IPopover.m; sourceTree = "<group>"; };
		1BEC6AA047876F403C752BFF /* IRefreshControl.m */ = {isa = PBXFileReference; fileEncoding = 4; lastKnownFileType = sourcecode.c.objc; path = IRefreshControl.m; sourceTree = "<group>"; };
		1BEC6AA4CD583E6D50A3ED5A /* IStyle.m */ = {isa = PBXFileReference; fileEncoding = 4; lastKnownFileType = sourcecode.c.objc; path = IStyle.m; sourceTree = "<group>"; };
		1BEC6AB2F55733F2E5D6CD61 /* Studio.h */ = {isa = PBXFileReference; fileEncoding = 4; lastKnownFileType = sourcecode.c.h; path = Studio.h; sourceTree = "<group>"; };
		1BEC6AC9A6812877F6709AA2 /* Th.h */ = {isa = PBXFileReference; fileEncoding = 4; lastKnownFileType = sourcecode.c.h; path = Th.h; sourceTree = "<group>"; };
		1BEC6AEDA1998CDE4B38E909 /* ICell.m */ = {isa = PBXFileReference; fileEncoding = 4; lastKnownFileType = sourcecode.c.objc; path = ICell.m; sourceTree = "<group>"; };
		1BEC6B3B32A77BC6F6E3AD55 /* MMVMTestModel.h */ = {isa = PBXFileReference; fileEncoding = 4; lastKnownFileType = sourcecode.c.h; path = MMVMTestModel.h; sourceTree = "<group>"; };
		1BEC6B4124783733A643E2C4 /* ICellView.h */ = {isa = PBXFileReference; fileEncoding = 4; lastKnownFileType = sourcecode.c.h; path = ICellView.h; sourceTree = "<group>"; };
		1BEC6B5B1FCEC03E1DF4FEF2 /* LoginActivity.h */ = {isa = PBXFileReference; fileEncoding = 4; lastKnownFileType = sourcecode.c.h; path = LoginActivity.h; sourceTree = "<group>"; };
		1BEC6B5EAA05518EE1EE1D20 /* NSString+UrlToKey.h */ = {isa = PBXFileReference; fileEncoding = 4; lastKnownFileType = sourcecode.c.h; path = "NSString+UrlToKey.h"; sourceTree = "<group>"; };
		1BEC6B62280A3772FC803BF6 /* ThJSON.m */ = {isa = PBXFileReference; fileEncoding = 4; lastKnownFileType = sourcecode.c.objc; path = ThJSON.m; sourceTree = "<group>"; };
		1BEC6B963E785118B55CE428 /* ITableInternal.h */ = {isa = PBXFileReference; fileEncoding = 4; lastKnownFileType = sourcecode.c.h; path = ITableInternal.h; sourceTree = "<group>"; };
		1BEC6BA16F18CFBA7F2B05B7 /* MMVMTestDataController.m */ = {isa = PBXFileReference; fileEncoding = 4; lastKnownFileType = sourcecode.c.objc; path = MMVMTestDataController.m; sourceTree = "<group>"; };
		1BEC6BB046E4620F80D7581F /* MMVMTestModel.m */ = {isa = PBXFileReference; fileEncoding = 4; lastKnownFileType = sourcecode.c.objc; path = MMVMTestModel.m; sourceTree = "<group>"; };
		1BEC6BCA364C20B05297AF89 /* Studio.m */ = {isa = PBXFileReference; fileEncoding = 4; lastKnownFileType = sourcecode.c.objc; path = Studio.m; sourceTree = "<group>"; };
		1BEC6BDAE0B29D56D5A9552D /* IInput.m */ = {isa = PBXFileReference; fileEncoding = 4; lastKnownFileType = sourcecode.c.objc; path = IInput.m; sourceTree = "<group>"; };
		1BEC6BF9E6FEFDA8E00F1939 /* ThMacro.m */ = {isa = PBXFileReference; fileEncoding = 4; lastKnownFileType = sourcecode.c.objc; path = ThMacro.m; sourceTree = "<group>"; };
		1BEC6C23256B86891BC02FE1 /* mmvmtest.xml */ = {isa = PBXFileReference; fileEncoding = 4; lastKnownFileType = text.xml; path = mmvmtest.xml; sourceTree = "<group>"; };
		1BEC6C251FB0A6A18D24BE8E /* Th.m */ = {isa = PBXFileReference; fileEncoding = 4; lastKnownFileType = sourcecode.c.objc; path = Th.m; sourceTree = "<group>"; };
		1BEC6C3624B0D0A2EDA7B485 /* IFlowLayout.h */ = {isa = PBXFileReference; fileEncoding = 4; lastKnownFileType = sourcecode.c.h; path = IFlowLayout.h; sourceTree = "<group>"; };
		1BEC6CF7DC0F2BC6AF96B177 /* PrefixHeader.pch */ = {isa = PBXFileReference; fileEncoding = 4; lastKnownFileType = sourcecode.c.h; path = PrefixHeader.pch; sourceTree = "<group>"; };
		1BEC6D9855DC3EE60B6C475C /* ThViewModel.m */ = {isa = PBXFileReference; fileEncoding = 4; lastKnownFileType = sourcecode.c.objc; path = ThViewModel.m; sourceTree = "<group>"; };
		1BEC6D985A5E449E2D4E8829 /* IDTHTMLViewLoader.h */ = {isa = PBXFileReference; fileEncoding = 4; lastKnownFileType = sourcecode.c.h; path = IDTHTMLViewLoader.h; sourceTree = "<group>"; };
		1BEC6DA0BD0F20EA9095363F /* ThModel.h */ = {isa = PBXFileReference; fileEncoding = 4; lastKnownFileType = sourcecode.c.h; path = ThModel.h; sourceTree = "<group>"; };
		1BEC6DA8D97CCC9136E79FCA /* IObj.m */ = {isa = PBXFileReference; fileEncoding = 4; lastKnownFileType = sourcecode.c.objc; path = IObj.m; sourceTree = "<group>"; };
		1BEC6DAD71B269311AB4D8F2 /* ICssRule.m */ = {isa = PBXFileReference; fileEncoding = 4; lastKnownFileType = sourcecode.c.objc; path = ICssRule.m; sourceTree = "<group>"; };
		1BEC6DADDCE2CAF42C236EFA /* IViewInternal.h */ = {isa = PBXFileReference; fileEncoding = 4; lastKnownFileType = sourcecode.c.h; path = IViewInternal.h; sourceTree = "<group>"; };
		1BEC6DBFA457F3CC082E594B /* IDict.h */ = {isa = PBXFileReference; fileEncoding = 4; lastKnownFileType = sourcecode.c.h; path = IDict.h; sourceTree = "<group>"; };
		1BEC6DCA539C8338EF889AD5 /* ThMacro.h */ = {isa = PBXFileReference; fileEncoding = 4; lastKnownFileType = sourcecode.c.h; path = ThMacro.h; sourceTree = "<group>"; };
		1BEC6DD186E8478D18318260 /* ISwitch.h */ = {isa = PBXFileReference; fileEncoding = 4; lastKnownFileType = sourcecode.c.h; path = ISwitch.h; sourceTree = "<group>"; };
		1BEC6DD1B9EA0CCD29D5B67C /* login.xml */ = {isa = PBXFileReference; fileEncoding = 4; lastKnownFileType = text.xml; path = login.xml; sourceTree = "<group>"; };
		1BEC6DD2BF168D44DB50BF0E /* Http.m */ = {isa = PBXFileReference; fileEncoding = 4; lastKnownFileType = sourcecode.c.objc; path = Http.m; sourceTree = "<group>"; };
		1BEC6E05230BBB9694E6C2F6 /* ILabel.h */ = {isa = PBXFileReference; fileEncoding = 4; lastKnownFileType = sourcecode.c.h; path = ILabel.h; sourceTree = "<group>"; };
		1BEC6E09548E0B40FF87DBE2 /* ITableRow.h */ = {isa = PBXFileReference; fileEncoding = 4; lastKnownFileType = sourcecode.c.h; path = ITableRow.h; sourceTree = "<group>"; };
		1BEC6E39DDB48B7DD3595518 /* ThActivity.m */ = {isa = PBXFileReference; fileEncoding = 4; lastKnownFileType = sourcecode.c.objc; path = ThActivity.m; sourceTree = "<group>"; };
		1BEC6E665D2FE275B29F1875 /* IStyleInternal.h */ = {isa = PBXFileReference; fileEncoding = 4; lastKnownFileType = sourcecode.c.h; path = IStyleInternal.h; sourceTree = "<group>"; };
		1BEC6E86820C10BD3A5F41B6 /* LoginModel.m */ = {isa = PBXFileReference; fileEncoding = 4; lastKnownFileType = sourcecode.c.objc; path = LoginModel.m; sourceTree = "<group>"; };
		1BEC6E9EBB76C491414EDE27 /* ITableRow.m */ = {isa = PBXFileReference; fileEncoding = 4; lastKnownFileType = sourcecode.c.objc; path = ITableRow.m; sourceTree = "<group>"; };
		1BEC6EB5E8FC383C7423FFCA /* IDTHTMLViewLoader.m */ = {isa = PBXFileReference; fileEncoding = 4; lastKnownFileType = sourcecode.c.objc; path = IDTHTMLViewLoader.m; sourceTree = "<group>"; };
		1BEC6ECC6647A6B0519224A1 /* ThActivity.h */ = {isa = PBXFileReference; fileEncoding = 4; lastKnownFileType = sourcecode.c.h; path = ThActivity.h; sourceTree = "<group>"; };
		1BEC6EE6BCB43CD97F90D631 /* IViewLoader.m */ = {isa = PBXFileReference; fileEncoding = 4; lastKnownFileType = sourcecode.c.objc; path = IViewLoader.m; sourceTree = "<group>"; };
		1BEC6F4B5EC03A99805AA1E9 /* IStyleSheet.m */ = {isa = PBXFileReference; fileEncoding = 4; lastKnownFileType = sourcecode.c.objc; path = IStyleSheet.m; sourceTree = "<group>"; };
		1BEC6FA55DB38870F8D6D920 /* ITable.h */ = {isa = PBXFileReference; fileEncoding = 4; lastKnownFileType = sourcecode.c.h; path = ITable.h; sourceTree = "<group>"; };
		1BEC6FB13D629D1870A58C97 /* ICssDecl.m */ = {isa = PBXFileReference; fileEncoding = 4; lastKnownFileType = sourcecode.c.objc; path = ICssDecl.m; sourceTree = "<group>"; };
		1BEC6FC57ED12F4699AE5854 /* ILabel.m */ = {isa = PBXFileReference; fileEncoding = 4; lastKnownFileType = sourcecode.c.objc; path = ILabel.m; sourceTree = "<group>"; };
		3D86D73F1CBBAB83001B936C /* ThFrameworkPods.app */ = {isa = PBXFileReference; explicitFileType = wrapper.application; includeInIndex = 0; path = ThFrameworkPods.app; sourceTree = BUILT_PRODUCTS_DIR; };
		3D86D7431CBBAB83001B936C /* main.m */ = {isa = PBXFileReference; lastKnownFileType = sourcecode.c.objc; path = main.m; sourceTree = "<group>"; };
		3D86D7451CBBAB83001B936C /* AppDelegate.h */ = {isa = PBXFileReference; lastKnownFileType = sourcecode.c.h; path = AppDelegate.h; sourceTree = "<group>"; };
		3D86D7461CBBAB83001B936C /* AppDelegate.m */ = {isa = PBXFileReference; lastKnownFileType = sourcecode.c.objc; path = AppDelegate.m; sourceTree = "<group>"; };
		3D86D7481CBBAB83001B936C /* ViewController.h */ = {isa = PBXFileReference; lastKnownFileType = sourcecode.c.h; path = ViewController.h; sourceTree = "<group>"; };
		3D86D7491CBBAB83001B936C /* ViewController.m */ = {isa = PBXFileReference; lastKnownFileType = sourcecode.c.objc; path = ViewController.m; sourceTree = "<group>"; };
		3D86D74C1CBBAB83001B936C /* Base */ = {isa = PBXFileReference; lastKnownFileType = file.storyboard; name = Base; path = Base.lproj/Main.storyboard; sourceTree = "<group>"; };
		3D86D74F1CBBAB83001B936C /* ThFrameworkPods.xcdatamodel */ = {isa = PBXFileReference; lastKnownFileType = wrapper.xcdatamodel; path = ThFrameworkPods.xcdatamodel; sourceTree = "<group>"; };
		3D86D7511CBBAB83001B936C /* Assets.xcassets */ = {isa = PBXFileReference; lastKnownFileType = folder.assetcatalog; path = Assets.xcassets; sourceTree = "<group>"; };
		3D86D7541CBBAB83001B936C /* Base */ = {isa = PBXFileReference; lastKnownFileType = file.storyboard; name = Base; path = Base.lproj/LaunchScreen.storyboard; sourceTree = "<group>"; };
		3D86D7561CBBAB83001B936C /* Info.plist */ = {isa = PBXFileReference; lastKnownFileType = text.plist.xml; path = Info.plist; sourceTree = "<group>"; };
		3D86D75B1CBBAB83001B936C /* ThFrameworkPodsTests.xctest */ = {isa = PBXFileReference; explicitFileType = wrapper.cfbundle; includeInIndex = 0; path = ThFrameworkPodsTests.xctest; sourceTree = BUILT_PRODUCTS_DIR; };
		3D86D75F1CBBAB83001B936C /* ThFrameworkPodsTests.m */ = {isa = PBXFileReference; lastKnownFileType = sourcecode.c.objc; path = ThFrameworkPodsTests.m; sourceTree = "<group>"; };
		3D86D7611CBBAB83001B936C /* Info.plist */ = {isa = PBXFileReference; lastKnownFileType = text.plist.xml; path = Info.plist; sourceTree = "<group>"; };
		3D86D7661CBBAB83001B936C /* ThFrameworkPodsUITests.xctest */ = {isa = PBXFileReference; explicitFileType = wrapper.cfbundle; includeInIndex = 0; path = ThFrameworkPodsUITests.xctest; sourceTree = BUILT_PRODUCTS_DIR; };
		3D86D76A1CBBAB83001B936C /* ThFrameworkPodsUITests.m */ = {isa = PBXFileReference; lastKnownFileType = sourcecode.c.objc; path = ThFrameworkPodsUITests.m; sourceTree = "<group>"; };
		3D86D76C1CBBAB83001B936C /* Info.plist */ = {isa = PBXFileReference; lastKnownFileType = text.plist.xml; path = Info.plist; sourceTree = "<group>"; };
		3D901F471CBF674800F108EF /* libxml2.tbd */ = {isa = PBXFileReference; lastKnownFileType = "sourcecode.text-based-dylib-definition"; name = libxml2.tbd; path = usr/lib/libxml2.tbd; sourceTree = SDKROOT; };
		3D901F4A1CBF8EEA00F108EF /* TestTableViewController.h */ = {isa = PBXFileReference; fileEncoding = 4; lastKnownFileType = sourcecode.c.h; path = TestTableViewController.h; sourceTree = "<group>"; };
		3D901F4B1CBF8EEA00F108EF /* TestTableViewController.m */ = {isa = PBXFileReference; fileEncoding = 4; lastKnownFileType = sourcecode.c.objc; path = TestTableViewController.m; sourceTree = "<group>"; };
		A55C42E98AD524227765524B /* Pods-ThFrameworkPods.release.xcconfig */ = {isa = PBXFileReference; includeInIndex = 1; lastKnownFileType = text.xcconfig; name = "Pods-ThFrameworkPods.release.xcconfig"; path = "Pods/Target Support Files/Pods-ThFrameworkPods/Pods-ThFrameworkPods.release.xcconfig"; sourceTree = "<group>"; };
		A84814533C0258F8EA1254A7 /* Pods-ThFrameworkPods.debug.xcconfig */ = {isa = PBXFileReference; includeInIndex = 1; lastKnownFileType = text.xcconfig; name = "Pods-ThFrameworkPods.debug.xcconfig"; path = "Pods/Target Support Files/Pods-ThFrameworkPods/Pods-ThFrameworkPods.debug.xcconfig"; sourceTree = "<group>"; };
		DA3BA5D46E11A5D72224952F /* libPods-ThFrameworkPods.a */ = {isa = PBXFileReference; explicitFileType = archive.ar; includeInIndex = 0; path = "libPods-ThFrameworkPods.a"; sourceTree = BUILT_PRODUCTS_DIR; };
/* End PBXFileReference section */

/* Begin PBXFrameworksBuildPhase section */
		3D86D73C1CBBAB83001B936C /* Frameworks */ = {
			isa = PBXFrameworksBuildPhase;
			buildActionMask = 2147483647;
			files = (
				3D901F491CBF67A100F108EF /* libxml2.tbd in Frameworks */,
				13D281D097D09752998201EA /* libPods-ThFrameworkPods.a in Frameworks */,
			);
			runOnlyForDeploymentPostprocessing = 0;
		};
		3D86D7581CBBAB83001B936C /* Frameworks */ = {
			isa = PBXFrameworksBuildPhase;
			buildActionMask = 2147483647;
			files = (
			);
			runOnlyForDeploymentPostprocessing = 0;
		};
		3D86D7631CBBAB83001B936C /* Frameworks */ = {
			isa = PBXFrameworksBuildPhase;
			buildActionMask = 2147483647;
			files = (
			);
			runOnlyForDeploymentPostprocessing = 0;
		};
/* End PBXFrameworksBuildPhase section */

/* Begin PBXGroup section */
		1BEC6090DD5091674CAF9EA5 /* Library */ = {
			isa = PBXGroup;
			children = (
			);
			path = Library;
			sourceTree = "<group>";
		};
		1BEC609992320C14B7A63D17 /* Resources */ = {
			isa = PBXGroup;
			children = (
				1BEC6E0F28CCC619A922434A /* Images */,
			);
			path = Resources;
			sourceTree = "<group>";
		};
		1BEC610968BEF699809C63E4 /* Cache */ = {
			isa = PBXGroup;
			children = (
			);
			path = Cache;
			sourceTree = "<group>";
		};
		1BEC61367A60BBCA7D7D285F /* ViewModel */ = {
			isa = PBXGroup;
			children = (
				1BEC6D9855DC3EE60B6C475C /* ThViewModel.m */,
				1BEC664AFD6E987E8F24E221 /* ThViewModel.h */,
			);
			path = ViewModel;
			sourceTree = "<group>";
		};
		1BEC61543E516F586280E75C /* xml */ = {
			isa = PBXGroup;
			children = (
				1BEC67CFEE4BEEB1D35E3D6F /* IViewLoader.h */,
				1BEC6EE6BCB43CD97F90D631 /* IViewLoader.m */,
				1BEC661BE97F9940430435F9 /* DTHTMLParser.h */,
				1BEC66972B7DBCE40941A6CC /* DTHTMLParser.m */,
				1BEC680B44B53ECD53F60223 /* INSXmlViewLoader.h */,
				1BEC6259B7E10C4C53559718 /* INSXmlViewLoader.m */,
				1BEC6D985A5E449E2D4E8829 /* IDTHTMLViewLoader.h */,
				1BEC6EB5E8FC383C7423FFCA /* IDTHTMLViewLoader.m */,
			);
			path = xml;
			sourceTree = "<group>";
		};
		1BEC6171558C8044F8F0F2B7 /* MVC */ = {
			isa = PBXGroup;
			children = (
				1BEC68412819DBD60B21092E /* Controller */,
			);
			path = MVC;
			sourceTree = "<group>";
		};
		1BEC61E3EF5897241779F704 /* Architecture */ = {
			isa = PBXGroup;
			children = (
				1BEC6171558C8044F8F0F2B7 /* MVC */,
				1BEC6268B1F75226C3E73DC0 /* KVO */,
				1BEC63DC2EA5A674B9CC091B /* UI */,
				1BEC6D1DC946D328FC117E52 /* MVVM */,
				1BEC6E3BBF7DD5E6E0194E9D /* Network */,
				1BEC6C8F48D01EBBE4757B19 /* Services */,
				1BEC610968BEF699809C63E4 /* Cache */,
			);
			path = Architecture;
			sourceTree = "<group>";
		};
		1BEC622C612699A5C5196D83 /* Layouts */ = {
			isa = PBXGroup;
			children = (
				1BEC65FD5BDEEB16B6F75F32 /* login.css */,
				1BEC6DD1B9EA0CCD29D5B67C /* login.xml */,
			);
			path = Layouts;
			sourceTree = "<group>";
		};
		1BEC6268B1F75226C3E73DC0 /* KVO */ = {
			isa = PBXGroup;
			children = (
				1BEC67D3FEA698842AF5D9EE /* ThKOVController.m */,
				1BEC615896612653562BD5E3 /* ThKOVController.h */,
			);
			path = KVO;
			sourceTree = "<group>";
		};
		1BEC63024B09902192983F1B /* FrameTest */ = {
			isa = PBXGroup;
			children = (
				1BEC65CCFD70FA5F3FAB7F6E /* Person.m */,
				1BEC633AC1E97731F178DE0D /* Person.h */,
				1BEC6BCA364C20B05297AF89 /* Studio.m */,
				1BEC6AB2F55733F2E5D6CD61 /* Studio.h */,
				1BEC6B5B1FCEC03E1DF4FEF2 /* LoginActivity.h */,
				1BEC65EA235347E99121560C /* LoginActivity.m */,
				1BEC678C0875435CA67674A1 /* LoginController.m */,
				1BEC649FFB44E114E07710E5 /* LoginController.h */,
				1BEC622C612699A5C5196D83 /* Layouts */,
				1BEC609992320C14B7A63D17 /* Resources */,
				1BEC6DA3F3AA07FBCAABD0CE /* Model */,
				1BEC636ACE3B5B2C83DB790D /* MMVMTest */,
			);
			path = FrameTest;
			sourceTree = "<group>";
		};
		1BEC633C2C147C5C3012EF5F /* widgets */ = {
			isa = PBXGroup;
			children = (
				1BEC668F9A2703E4C2715EA5 /* IImage.h */,
				1BEC6090806CED1CC6D11125 /* IImage.m */,
				1BEC623405E7AB318DED598A /* IInput.h */,
				1BEC6BDAE0B29D56D5A9552D /* IInput.m */,
				1BEC6E05230BBB9694E6C2F6 /* ILabel.h */,
				1BEC6FC57ED12F4699AE5854 /* ILabel.m */,
				1BEC6082F7F72F590620360F /* IButton.h */,
				1BEC6A31141D67561AA41098 /* IButton.m */,
				1BEC6DD186E8478D18318260 /* ISwitch.h */,
				1BEC659B35786F4BD82CF1D4 /* ISwitch.m */,
				1BEC67B226BAA349785E5811 /* IPopover.h */,
				1BEC6A96FFA7D23E66AEFCAF /* IPopover.m */,
				1BEC6E09548E0B40FF87DBE2 /* ITableRow.h */,
				1BEC6E9EBB76C491414EDE27 /* ITableRow.m */,
				1BEC61AD833F00D9F13A4F14 /* IRefreshControl.h */,
				1BEC6AA047876F403C752BFF /* IRefreshControl.m */,
			);
			path = widgets;
			sourceTree = "<group>";
		};
		1BEC636ACE3B5B2C83DB790D /* MMVMTest */ = {
			isa = PBXGroup;
			children = (
				1BEC614E876FF3F1A9057C2B /* MMVMTestDataController.h */,
				1BEC6BA16F18CFBA7F2B05B7 /* MMVMTestDataController.m */,
				1BEC624BA87D0D5D9F84604E /* MMVMTestActivity.h */,
				1BEC6051EF532571E90BB35B /* MMVMTestActivity.m */,
				1BEC61F8D4D4B9FF79BB7B93 /* MMVMTestViewModel.m */,
				1BEC64FB5CBE4C9005049BED /* MMVMTestViewModel.h */,
				1BEC6B3B32A77BC6F6E3AD55 /* MMVMTestModel.h */,
				1BEC6BB046E4620F80D7581F /* MMVMTestModel.m */,
				1BEC677F8DCFC2D55D6D28D1 /* mmvmtest.css */,
				1BEC6C23256B86891BC02FE1 /* mmvmtest.xml */,
				1BEC643E49CBCAF270076EF6 /* LoginApi.h */,
				1BEC63DDADF089CE4788378C /* LoginApi.m */,
			);
			path = MMVMTest;
			sourceTree = "<group>";
		};
		1BEC63DC2EA5A674B9CC091B /* UI */ = {
			isa = PBXGroup;
			children = (
				1BEC69BCEBB387D653213DB4 /* CocoaUI */,
			);
			path = UI;
			sourceTree = "<group>";
		};
		1BEC64D69D9E5AE173ED450D /* css */ = {
			isa = PBXGroup;
			children = (
				1BEC6179CCF382B63E1507A1 /* IStyle.h */,
				1BEC6AA4CD583E6D50A3ED5A /* IStyle.m */,
				1BEC648AE880E78A60DA2D61 /* ICssDecl.h */,
				1BEC6FB13D629D1870A58C97 /* ICssDecl.m */,
				1BEC6A58B925F9B26B45856E /* ICssRule.h */,
				1BEC6DAD71B269311AB4D8F2 /* ICssRule.m */,
				1BEC63D0FEA4D24C3B2CE654 /* ICssBlock.h */,
				1BEC6404181530521CCF9683 /* ICssBlock.m */,
				1BEC6C3624B0D0A2EDA7B485 /* IFlowLayout.h */,
				1BEC61CBA8A0988B52CD6CEB /* IFlowLayout.m */,
				1BEC66FF98FB6901B8B7D1F1 /* IStyleSheet.h */,
				1BEC6F4B5EC03A99805AA1E9 /* IStyleSheet.m */,
				1BEC6E665D2FE275B29F1875 /* IStyleInternal.h */,
			);
			path = css;
			sourceTree = "<group>";
		};
		1BEC6676C2101A922A08CFAD /* IObj */ = {
			isa = PBXGroup;
			children = (
				1BEC61984C335D6F749A47B0 /* RSA.h */,
				1BEC62176F694A6CB291631C /* RSA.m */,
				1BEC64B4872BDBE290F1419A /* Http.h */,
				1BEC6DD2BF168D44DB50BF0E /* Http.m */,
				1BEC66348381EE8CDCCCF495 /* IObj.h */,
				1BEC6DA8D97CCC9136E79FCA /* IObj.m */,
				1BEC656306342891AD9A2F7C /* Text.h */,
				1BEC6730CB70F30DACF3F11E /* Text.m */,
				1BEC6DBFA457F3CC082E594B /* IDict.h */,
				1BEC689B67FADBBADB3F9034 /* IDict.m */,
			);
			path = IObj;
			sourceTree = "<group>";
		};
		1BEC68412819DBD60B21092E /* Controller */ = {
			isa = PBXGroup;
			children = (
				1BEC6ECC6647A6B0519224A1 /* ThActivity.h */,
				1BEC6E39DDB48B7DD3595518 /* ThActivity.m */,
			);
			path = Controller;
			sourceTree = "<group>";
		};
		1BEC69BCEBB387D653213DB4 /* CocoaUI */ = {
			isa = PBXGroup;
			children = (
				1BEC6DDB353E2670165331CD /* IKit */,
				1BEC6676C2101A922A08CFAD /* IObj */,
			);
			path = CocoaUI;
			sourceTree = "<group>";
		};
		1BEC6A2FD9D99EA2B2F959CF /* framework */ = {
			isa = PBXGroup;
			children = (
				1BEC6090DD5091674CAF9EA5 /* Library */,
				1BEC6B651FA990D1C1ECB953 /* Core */,
			);
			path = framework;
			sourceTree = "<group>";
		};
		1BEC6B651FA990D1C1ECB953 /* Core */ = {
			isa = PBXGroup;
			children = (
				1BEC61E3EF5897241779F704 /* Architecture */,
				1BEC6CA0DCF4D918976E39C5 /* Macro */,
				1BEC6C251FB0A6A18D24BE8E /* Th.m */,
				1BEC6AC9A6812877F6709AA2 /* Th.h */,
			);
			path = Core;
			sourceTree = "<group>";
		};
		1BEC6C8F48D01EBBE4757B19 /* Services */ = {
			isa = PBXGroup;
			children = (
			);
			path = Services;
			sourceTree = "<group>";
		};
		1BEC6CA0DCF4D918976E39C5 /* Macro */ = {
			isa = PBXGroup;
			children = (
				1BEC6BF9E6FEFDA8E00F1939 /* ThMacro.m */,
				1BEC6DCA539C8338EF889AD5 /* ThMacro.h */,
			);
			path = Macro;
			sourceTree = "<group>";
		};
		1BEC6D1DC946D328FC117E52 /* MVVM */ = {
			isa = PBXGroup;
			children = (
				1BEC6F85CA34B0AF94E20BC1 /* Model */,
				1BEC6F5A521E7DF79E3531AF /* View */,
				1BEC61367A60BBCA7D7D285F /* ViewModel */,
			);
			path = MVVM;
			sourceTree = "<group>";
		};
		1BEC6DA3F3AA07FBCAABD0CE /* Model */ = {
			isa = PBXGroup;
			children = (
				1BEC64962847113262B2D9BF /* LoginViewModel.m */,
				1BEC6910C34F971FEE3EE074 /* LoginViewModel.h */,
				1BEC6E86820C10BD3A5F41B6 /* LoginModel.m */,
				1BEC66EF81200A277BABFAC8 /* LoginModel.h */,
			);
			path = Model;
			sourceTree = "<group>";
		};
		1BEC6DDB353E2670165331CD /* IKit */ = {
			isa = PBXGroup;
			children = (
				1BEC64D69D9E5AE173ED450D /* css */,
				1BEC61543E516F586280E75C /* xml */,
				1BEC68EBEC7FB7F0D3788A33 /* IKit.h */,
				1BEC61F7B9355A724C4CD528 /* ICell.h */,
				1BEC6AEDA1998CDE4B38E909 /* ICell.m */,
				1BEC65B03BF66F2D3569F156 /* IView.h */,
				1BEC6964E74F9BB642D77C80 /* IView.m */,
				1BEC633C2C147C5C3012EF5F /* widgets */,
				1BEC6FA55DB38870F8D6D920 /* ITable.h */,
				1BEC626419557040DF8A9EE5 /* ITable.m */,
				1BEC625FAC9BD02F0D739218 /* IKitUtil.h */,
				1BEC65B9A1C33C1C9915C0DB /* IKitUtil.m */,
				1BEC6B4124783733A643E2C4 /* ICellView.h */,
				1BEC6329D97E386D764342F0 /* ICellView.m */,
				1BEC6726BE247AD43CAC97DC /* IMaskUIView.h */,
				1BEC64CFFFACE1E454670E11 /* IMaskUIView.m */,
				1BEC61007E2F78C23507AF55 /* IPullRefresh.h */,
				1BEC6033A10FAD2D80C14255 /* IPullRefresh.m */,
				1BEC6DADDCE2CAF42C236EFA /* IViewInternal.h */,
				1BEC6B963E785118B55CE428 /* ITableInternal.h */,
				1BEC6CF7DC0F2BC6AF96B177 /* PrefixHeader.pch */,
				1BEC69E3D047ED3E0D975611 /* IResourceMananger.h */,
				1BEC685C3F8EF895419395C1 /* IResourceMananger.m */,
			);
			path = IKit;
			sourceTree = "<group>";
		};
		1BEC6E0F28CCC619A922434A /* Images */ = {
			isa = PBXGroup;
			children = (
				1BEC672D6E781E676F00F359 /* ic_captcha.png */,
				1BEC674DFA23FE9334AD991A /* ic_pass.png */,
				1BEC674D23CCE7A3F071DBAB /* ic_name.png */,
				1BEC65004DE206BC33B22F2A /* user.png */,
			);
			path = Images;
			sourceTree = "<group>";
		};
		1BEC6E3BBF7DD5E6E0194E9D /* Network */ = {
			isa = PBXGroup;
			children = (
				1BEC60E7F5D70CDB56ED2616 /* NSString+UrlToKey.m */,
				1BEC6B5EAA05518EE1EE1D20 /* NSString+UrlToKey.h */,
			);
			path = Network;
			sourceTree = "<group>";
		};
		1BEC6F5A521E7DF79E3531AF /* View */ = {
			isa = PBXGroup;
			children = (
			);
			path = View;
			sourceTree = "<group>";
		};
		1BEC6F85CA34B0AF94E20BC1 /* Model */ = {
			isa = PBXGroup;
			children = (
				1BEC66589064DD468D36301E /* ThModel.m */,
				1BEC6DA0BD0F20EA9095363F /* ThModel.h */,
				1BEC670D85E2A4599A518DC9 /* ThModel+Th.m */,
				1BEC641866294315365FEA97 /* ThModel+Th.h */,
				1BEC6B62280A3772FC803BF6 /* ThJSON.m */,
				1BEC64CDF21165D785387C4F /* ThJSON.h */,
			);
			path = Model;
			sourceTree = "<group>";
		};
		3D86D7361CBBAB83001B936C = {
			isa = PBXGroup;
			children = (
				3D86D7411CBBAB83001B936C /* ThFrameworkPods */,
				3D86D75E1CBBAB83001B936C /* ThFrameworkPodsTests */,
				3D86D7691CBBAB83001B936C /* ThFrameworkPodsUITests */,
				3D86D7401CBBAB83001B936C /* Products */,
				F70C6BBA9C271FA6C54831A3 /* Pods */,
				F70D344FEEE6F7D4721665F2 /* Frameworks */,
			);
			sourceTree = "<group>";
		};
		3D86D7401CBBAB83001B936C /* Products */ = {
			isa = PBXGroup;
			children = (
				3D86D73F1CBBAB83001B936C /* ThFrameworkPods.app */,
				3D86D75B1CBBAB83001B936C /* ThFrameworkPodsTests.xctest */,
				3D86D7661CBBAB83001B936C /* ThFrameworkPodsUITests.xctest */,
			);
			name = Products;
			sourceTree = "<group>";
		};
		3D86D7411CBBAB83001B936C /* ThFrameworkPods */ = {
			isa = PBXGroup;
			children = (
				3D86D7451CBBAB83001B936C /* AppDelegate.h */,
				3D86D7461CBBAB83001B936C /* AppDelegate.m */,
				3D86D7481CBBAB83001B936C /* ViewController.h */,
				3D86D7491CBBAB83001B936C /* ViewController.m */,
				3D86D74B1CBBAB83001B936C /* Main.storyboard */,
				3D86D7511CBBAB83001B936C /* Assets.xcassets */,
				3D86D7531CBBAB83001B936C /* LaunchScreen.storyboard */,
				3D86D7561CBBAB83001B936C /* Info.plist */,
				3D86D74E1CBBAB83001B936C /* ThFrameworkPods.xcdatamodeld */,
				3D86D7421CBBAB83001B936C /* Supporting Files */,
				1BEC6A2FD9D99EA2B2F959CF /* framework */,
				1BEC63024B09902192983F1B /* FrameTest */,
				3D901F4A1CBF8EEA00F108EF /* TestTableViewController.h */,
				3D901F4B1CBF8EEA00F108EF /* TestTableViewController.m */,
			);
			path = ThFrameworkPods;
			sourceTree = "<group>";
		};
		3D86D7421CBBAB83001B936C /* Supporting Files */ = {
			isa = PBXGroup;
			children = (
				3D86D7431CBBAB83001B936C /* main.m */,
			);
			name = "Supporting Files";
			sourceTree = "<group>";
		};
		3D86D75E1CBBAB83001B936C /* ThFrameworkPodsTests */ = {
			isa = PBXGroup;
			children = (
				3D86D75F1CBBAB83001B936C /* ThFrameworkPodsTests.m */,
				3D86D7611CBBAB83001B936C /* Info.plist */,
			);
			path = ThFrameworkPodsTests;
			sourceTree = "<group>";
		};
		3D86D7691CBBAB83001B936C /* ThFrameworkPodsUITests */ = {
			isa = PBXGroup;
			children = (
				3D86D76A1CBBAB83001B936C /* ThFrameworkPodsUITests.m */,
				3D86D76C1CBBAB83001B936C /* Info.plist */,
			);
			path = ThFrameworkPodsUITests;
			sourceTree = "<group>";
		};
		F70C6BBA9C271FA6C54831A3 /* Pods */ = {
			isa = PBXGroup;
			children = (
				A84814533C0258F8EA1254A7 /* Pods-ThFrameworkPods.debug.xcconfig */,
				A55C42E98AD524227765524B /* Pods-ThFrameworkPods.release.xcconfig */,
			);
			name = Pods;
			sourceTree = "<group>";
		};
		F70D344FEEE6F7D4721665F2 /* Frameworks */ = {
			isa = PBXGroup;
			children = (
				3D901F471CBF674800F108EF /* libxml2.tbd */,
				DA3BA5D46E11A5D72224952F /* libPods-ThFrameworkPods.a */,
			);
			name = Frameworks;
			sourceTree = "<group>";
		};
/* End PBXGroup section */

/* Begin PBXNativeTarget section */
		3D86D73E1CBBAB83001B936C /* ThFrameworkPods */ = {
			isa = PBXNativeTarget;
			buildConfigurationList = 3D86D76F1CBBAB83001B936C /* Build configuration list for PBXNativeTarget "ThFrameworkPods" */;
			buildPhases = (
				C48327651EBCC14C65D59AC0 /* Check Pods Manifest.lock */,
				3D86D73B1CBBAB83001B936C /* Sources */,
				3D86D73C1CBBAB83001B936C /* Frameworks */,
				3D86D73D1CBBAB83001B936C /* Resources */,
				D45BBCA9C2C7AAE4EB7EE4FE /* Embed Pods Frameworks */,
				64E963D76527214D7F5FDED5 /* Copy Pods Resources */,
			);
			buildRules = (
			);
			dependencies = (
			);
			name = ThFrameworkPods;
			productName = ThFrameworkPods;
			productReference = 3D86D73F1CBBAB83001B936C /* ThFrameworkPods.app */;
			productType = "com.apple.product-type.application";
		};
		3D86D75A1CBBAB83001B936C /* ThFrameworkPodsTests */ = {
			isa = PBXNativeTarget;
			buildConfigurationList = 3D86D7721CBBAB83001B936C /* Build configuration list for PBXNativeTarget "ThFrameworkPodsTests" */;
			buildPhases = (
				3D86D7571CBBAB83001B936C /* Sources */,
				3D86D7581CBBAB83001B936C /* Frameworks */,
				3D86D7591CBBAB83001B936C /* Resources */,
			);
			buildRules = (
			);
			dependencies = (
				3D86D75D1CBBAB83001B936C /* PBXTargetDependency */,
			);
			name = ThFrameworkPodsTests;
			productName = ThFrameworkPodsTests;
			productReference = 3D86D75B1CBBAB83001B936C /* ThFrameworkPodsTests.xctest */;
			productType = "com.apple.product-type.bundle.unit-test";
		};
		3D86D7651CBBAB83001B936C /* ThFrameworkPodsUITests */ = {
			isa = PBXNativeTarget;
			buildConfigurationList = 3D86D7751CBBAB83001B936C /* Build configuration list for PBXNativeTarget "ThFrameworkPodsUITests" */;
			buildPhases = (
				3D86D7621CBBAB83001B936C /* Sources */,
				3D86D7631CBBAB83001B936C /* Frameworks */,
				3D86D7641CBBAB83001B936C /* Resources */,
			);
			buildRules = (
			);
			dependencies = (
				3D86D7681CBBAB83001B936C /* PBXTargetDependency */,
			);
			name = ThFrameworkPodsUITests;
			productName = ThFrameworkPodsUITests;
			productReference = 3D86D7661CBBAB83001B936C /* ThFrameworkPodsUITests.xctest */;
			productType = "com.apple.product-type.bundle.ui-testing";
		};
/* End PBXNativeTarget section */

/* Begin PBXProject section */
		3D86D7371CBBAB83001B936C /* Project object */ = {
			isa = PBXProject;
			attributes = {
				LastUpgradeCheck = 0730;
				ORGANIZATIONNAME = "Tihom-syl";
				TargetAttributes = {
					3D86D73E1CBBAB83001B936C = {
						CreatedOnToolsVersion = 7.3;
					};
					3D86D75A1CBBAB83001B936C = {
						CreatedOnToolsVersion = 7.3;
						TestTargetID = 3D86D73E1CBBAB83001B936C;
					};
					3D86D7651CBBAB83001B936C = {
						CreatedOnToolsVersion = 7.3;
						TestTargetID = 3D86D73E1CBBAB83001B936C;
					};
				};
			};
			buildConfigurationList = 3D86D73A1CBBAB83001B936C /* Build configuration list for PBXProject "ThFrameworkPods" */;
			compatibilityVersion = "Xcode 3.2";
			developmentRegion = English;
			hasScannedForEncodings = 0;
			knownRegions = (
				en,
				Base,
			);
			mainGroup = 3D86D7361CBBAB83001B936C;
			productRefGroup = 3D86D7401CBBAB83001B936C /* Products */;
			projectDirPath = "";
			projectRoot = "";
			targets = (
				3D86D73E1CBBAB83001B936C /* ThFrameworkPods */,
				3D86D75A1CBBAB83001B936C /* ThFrameworkPodsTests */,
				3D86D7651CBBAB83001B936C /* ThFrameworkPodsUITests */,
			);
		};
/* End PBXProject section */

/* Begin PBXResourcesBuildPhase section */
		3D86D73D1CBBAB83001B936C /* Resources */ = {
			isa = PBXResourcesBuildPhase;
			buildActionMask = 2147483647;
			files = (
				3D86D7551CBBAB83001B936C /* LaunchScreen.storyboard in Resources */,
				3D86D7521CBBAB83001B936C /* Assets.xcassets in Resources */,
				3D86D74D1CBBAB83001B936C /* Main.storyboard in Resources */,
				1BEC6A01AEB5C8186D037E30 /* ic_captcha.png in Resources */,
				1BEC647326B4EF7D00700F92 /* ic_pass.png in Resources */,
				1BEC6D4C733E374AB5E2082F /* ic_name.png in Resources */,
				1BEC6A4F4EEAB0069B9113D4 /* user.png in Resources */,
				1BEC67E4F9561BA48F8933F9 /* login.css in Resources */,
				1BEC618986D2023ACFDBBDFA /* login.xml in Resources */,
				1BEC63D08C7FA974BEB45DE0 /* mmvmtest.css in Resources */,
				1BEC6908EF371F8302282A42 /* mmvmtest.xml in Resources */,
			);
			runOnlyForDeploymentPostprocessing = 0;
		};
		3D86D7591CBBAB83001B936C /* Resources */ = {
			isa = PBXResourcesBuildPhase;
			buildActionMask = 2147483647;
			files = (
			);
			runOnlyForDeploymentPostprocessing = 0;
		};
		3D86D7641CBBAB83001B936C /* Resources */ = {
			isa = PBXResourcesBuildPhase;
			buildActionMask = 2147483647;
			files = (
			);
			runOnlyForDeploymentPostprocessing = 0;
		};
/* End PBXResourcesBuildPhase section */

/* Begin PBXShellScriptBuildPhase section */
		64E963D76527214D7F5FDED5 /* Copy Pods Resources */ = {
			isa = PBXShellScriptBuildPhase;
			buildActionMask = 2147483647;
			files = (
			);
			inputPaths = (
			);
			name = "Copy Pods Resources";
			outputPaths = (
			);
			runOnlyForDeploymentPostprocessing = 0;
			shellPath = /bin/sh;
			shellScript = "\"${SRCROOT}/Pods/Target Support Files/Pods-ThFrameworkPods/Pods-ThFrameworkPods-resources.sh\"\n";
			showEnvVarsInLog = 0;
		};
		C48327651EBCC14C65D59AC0 /* Check Pods Manifest.lock */ = {
			isa = PBXShellScriptBuildPhase;
			buildActionMask = 2147483647;
			files = (
			);
			inputPaths = (
			);
			name = "Check Pods Manifest.lock";
			outputPaths = (
			);
			runOnlyForDeploymentPostprocessing = 0;
			shellPath = /bin/sh;
			shellScript = "diff \"${PODS_ROOT}/../Podfile.lock\" \"${PODS_ROOT}/Manifest.lock\" > /dev/null\nif [[ $? != 0 ]] ; then\n    cat << EOM\nerror: The sandbox is not in sync with the Podfile.lock. Run 'pod install' or update your CocoaPods installation.\nEOM\n    exit 1\nfi\n";
			showEnvVarsInLog = 0;
		};
		D45BBCA9C2C7AAE4EB7EE4FE /* Embed Pods Frameworks */ = {
			isa = PBXShellScriptBuildPhase;
			buildActionMask = 2147483647;
			files = (
			);
			inputPaths = (
			);
			name = "Embed Pods Frameworks";
			outputPaths = (
			);
			runOnlyForDeploymentPostprocessing = 0;
			shellPath = /bin/sh;
			shellScript = "\"${SRCROOT}/Pods/Target Support Files/Pods-ThFrameworkPods/Pods-ThFrameworkPods-frameworks.sh\"\n";
			showEnvVarsInLog = 0;
		};
/* End PBXShellScriptBuildPhase section */

/* Begin PBXSourcesBuildPhase section */
		3D86D73B1CBBAB83001B936C /* Sources */ = {
			isa = PBXSourcesBuildPhase;
			buildActionMask = 2147483647;
			files = (
				3D86D7501CBBAB83001B936C /* ThFrameworkPods.xcdatamodeld in Sources */,
				3D86D74A1CBBAB83001B936C /* ViewController.m in Sources */,
				3D86D7471CBBAB83001B936C /* AppDelegate.m in Sources */,
				3D86D7441CBBAB83001B936C /* main.m in Sources */,
				1BEC6D42A30C7AF4B45A2E09 /* Person.m in Sources */,
				1BEC6701A9221CC4A485D599 /* Studio.m in Sources */,
				1BEC6381778D47CDB346C016 /* ThMacro.m in Sources */,
				1BEC6711BDF6F9683F89ABE7 /* Th.m in Sources */,
				1BEC6E9A712681957960E3D7 /* ThKOVController.m in Sources */,
				1BEC60D922D4E24EB7916A55 /* IStyle.m in Sources */,
				1BEC6FB3A996BDC57FAA9579 /* ICssDecl.m in Sources */,
				1BEC6121D8B0966057109EEF /* ICssRule.m in Sources */,
				1BEC6F1AD4107BBFB4E9157D /* ICssBlock.m in Sources */,
				1BEC67EE16E878F0636CED11 /* IFlowLayout.m in Sources */,
				1BEC6DD4735BC5B304B29915 /* IStyleSheet.m in Sources */,
				1BEC6654CAB8CF14C7377F6F /* IViewLoader.m in Sources */,
				1BEC631F657F29BF93045FCE /* DTHTMLParser.m in Sources */,
				1BEC6583311192D88B697A2C /* INSXmlViewLoader.m in Sources */,
				1BEC6583B7AF4BF0D17E4AE6 /* IDTHTMLViewLoader.m in Sources */,
				1BEC65780EE23B361D997490 /* ICell.m in Sources */,
				1BEC61F649356ABEF695A045 /* IView.m in Sources */,
				1BEC66B6D0AA74569E8C3881 /* IImage.m in Sources */,
				1BEC68AB70F51CC9B4A845CE /* IInput.m in Sources */,
				1BEC676DDEEE690DBBE13C29 /* ILabel.m in Sources */,
				1BEC6F80CA9DB32794BD8C62 /* IButton.m in Sources */,
				1BEC6C0ECA00A0CE7660C502 /* ISwitch.m in Sources */,
				1BEC693A1DEBABA37EB3B44F /* IPopover.m in Sources */,
				1BEC6D89B985CEA626C06598 /* ITableRow.m in Sources */,
				1BEC66C9A28C121CC4CD72B1 /* IRefreshControl.m in Sources */,
				1BEC6286D2FAEC1791CD577F /* ITable.m in Sources */,
				1BEC64659F060FAB09E01A21 /* IKitUtil.m in Sources */,
				1BEC6C5EF45F98216DA39925 /* ICellView.m in Sources */,
				1BEC61FCC2433DF8BE1EC34B /* IMaskUIView.m in Sources */,
				1BEC6AFB2E3D56224FF4EA41 /* IPullRefresh.m in Sources */,
				1BEC63DB2B23F9DC1A08AE0C /* IResourceMananger.m in Sources */,
				1BEC673EEBD8C719E93D3391 /* RSA.m in Sources */,
				1BEC6D68B9690A1E680E1512 /* Http.m in Sources */,
				1BEC6D65880C1C15E633CE0D /* IObj.m in Sources */,
				1BEC6997BB43A6CFE64E2F52 /* Text.m in Sources */,
				1BEC63F05187F665554919EF /* IDict.m in Sources */,
				1BEC6A6B07DA374E583111DE /* LoginActivity.m in Sources */,
				1BEC63AA4433E7698F06D5E7 /* LoginController.m in Sources */,
				3D901F4C1CBF8EEA00F108EF /* TestTableViewController.m in Sources */,
				1BEC6B39C5965F68BB4E3ECA /* ThActivity.m in Sources */,
				1BEC69C7D8735E559DA94D5B /* ThModel.m in Sources */,
				1BEC631B0F6B478DD9C17F2D /* ThViewModel.m in Sources */,
				1BEC67ED8DA9921E08D7DACF /* NSString+UrlToKey.m in Sources */,
				1BEC60807EF28A13E64C96B5 /* ThModel+Th.m in Sources */,
				1BEC6C8469591F86B769F255 /* ThJSON.m in Sources */,
				1BEC612FF997772242D625DC /* LoginViewModel.m in Sources */,
				1BEC6A89E47653B6911A364D /* LoginModel.m in Sources */,
				1BEC6F7B8E012EBE40D31210 /* MMVMTestDataController.m in Sources */,
				1BEC691AA42F641D8C3364B7 /* MMVMTestActivity.m in Sources */,
				1BEC605F05E875382C65EF9E /* MMVMTestViewModel.m in Sources */,
				1BEC6F256BAC695F82B8142F /* MMVMTestModel.m in Sources */,
				1BEC69B727FC3EECA1FC7D7D /* LoginApi.m in Sources */,
			);
			runOnlyForDeploymentPostprocessing = 0;
		};
		3D86D7571CBBAB83001B936C /* Sources */ = {
			isa = PBXSourcesBuildPhase;
			buildActionMask = 2147483647;
			files = (
				3D86D7601CBBAB83001B936C /* ThFrameworkPodsTests.m in Sources */,
			);
			runOnlyForDeploymentPostprocessing = 0;
		};
		3D86D7621CBBAB83001B936C /* Sources */ = {
			isa = PBXSourcesBuildPhase;
			buildActionMask = 2147483647;
			files = (
				3D86D76B1CBBAB83001B936C /* ThFrameworkPodsUITests.m in Sources */,
			);
			runOnlyForDeploymentPostprocessing = 0;
		};
/* End PBXSourcesBuildPhase section */

/* Begin PBXTargetDependency section */
		3D86D75D1CBBAB83001B936C /* PBXTargetDependency */ = {
			isa = PBXTargetDependency;
			target = 3D86D73E1CBBAB83001B936C /* ThFrameworkPods */;
			targetProxy = 3D86D75C1CBBAB83001B936C /* PBXContainerItemProxy */;
		};
		3D86D7681CBBAB83001B936C /* PBXTargetDependency */ = {
			isa = PBXTargetDependency;
			target = 3D86D73E1CBBAB83001B936C /* ThFrameworkPods */;
			targetProxy = 3D86D7671CBBAB83001B936C /* PBXContainerItemProxy */;
		};
/* End PBXTargetDependency section */

/* Begin PBXVariantGroup section */
		3D86D74B1CBBAB83001B936C /* Main.storyboard */ = {
			isa = PBXVariantGroup;
			children = (
				3D86D74C1CBBAB83001B936C /* Base */,
			);
			name = Main.storyboard;
			sourceTree = "<group>";
		};
		3D86D7531CBBAB83001B936C /* LaunchScreen.storyboard */ = {
			isa = PBXVariantGroup;
			children = (
				3D86D7541CBBAB83001B936C /* Base */,
			);
			name = LaunchScreen.storyboard;
			sourceTree = "<group>";
		};
/* End PBXVariantGroup section */

/* Begin XCBuildConfiguration section */
		3D86D76D1CBBAB83001B936C /* Debug */ = {
			isa = XCBuildConfiguration;
			buildSettings = {
				ALWAYS_SEARCH_USER_PATHS = NO;
				CLANG_ANALYZER_NONNULL = YES;
				CLANG_CXX_LANGUAGE_STANDARD = "gnu++0x";
				CLANG_CXX_LIBRARY = "libc++";
				CLANG_ENABLE_MODULES = YES;
				CLANG_ENABLE_OBJC_ARC = YES;
				CLANG_WARN_BOOL_CONVERSION = YES;
				CLANG_WARN_CONSTANT_CONVERSION = YES;
				CLANG_WARN_DIRECT_OBJC_ISA_USAGE = YES_ERROR;
				CLANG_WARN_EMPTY_BODY = YES;
				CLANG_WARN_ENUM_CONVERSION = YES;
				CLANG_WARN_INT_CONVERSION = YES;
				CLANG_WARN_OBJC_ROOT_CLASS = YES_ERROR;
				CLANG_WARN_UNREACHABLE_CODE = YES;
				CLANG_WARN__DUPLICATE_METHOD_MATCH = YES;
				"CODE_SIGN_IDENTITY[sdk=iphoneos*]" = "iPhone Developer";
				COPY_PHASE_STRIP = NO;
				DEBUG_INFORMATION_FORMAT = dwarf;
				ENABLE_STRICT_OBJC_MSGSEND = YES;
				ENABLE_TESTABILITY = YES;
				GCC_C_LANGUAGE_STANDARD = gnu99;
				GCC_DYNAMIC_NO_PIC = NO;
				GCC_NO_COMMON_BLOCKS = YES;
				GCC_OPTIMIZATION_LEVEL = 0;
				GCC_PREPROCESSOR_DEFINITIONS = (
					"DEBUG=1",
					"$(inherited)",
				);
				GCC_WARN_64_TO_32_BIT_CONVERSION = YES;
				GCC_WARN_ABOUT_RETURN_TYPE = YES_ERROR;
				GCC_WARN_UNDECLARED_SELECTOR = YES;
				GCC_WARN_UNINITIALIZED_AUTOS = YES_AGGRESSIVE;
				GCC_WARN_UNUSED_FUNCTION = YES;
				GCC_WARN_UNUSED_VARIABLE = YES;
				IPHONEOS_DEPLOYMENT_TARGET = 9.3;
				MTL_ENABLE_DEBUG_INFO = YES;
				ONLY_ACTIVE_ARCH = YES;
				SDKROOT = iphoneos;
			};
			name = Debug;
		};
		3D86D76E1CBBAB83001B936C /* Release */ = {
			isa = XCBuildConfiguration;
			buildSettings = {
				ALWAYS_SEARCH_USER_PATHS = NO;
				CLANG_ANALYZER_NONNULL = YES;
				CLANG_CXX_LANGUAGE_STANDARD = "gnu++0x";
				CLANG_CXX_LIBRARY = "libc++";
				CLANG_ENABLE_MODULES = YES;
				CLANG_ENABLE_OBJC_ARC = YES;
				CLANG_WARN_BOOL_CONVERSION = YES;
				CLANG_WARN_CONSTANT_CONVERSION = YES;
				CLANG_WARN_DIRECT_OBJC_ISA_USAGE = YES_ERROR;
				CLANG_WARN_EMPTY_BODY = YES;
				CLANG_WARN_ENUM_CONVERSION = YES;
				CLANG_WARN_INT_CONVERSION = YES;
				CLANG_WARN_OBJC_ROOT_CLASS = YES_ERROR;
				CLANG_WARN_UNREACHABLE_CODE = YES;
				CLANG_WARN__DUPLICATE_METHOD_MATCH = YES;
				"CODE_SIGN_IDENTITY[sdk=iphoneos*]" = "iPhone Developer";
				COPY_PHASE_STRIP = NO;
				DEBUG_INFORMATION_FORMAT = "dwarf-with-dsym";
				ENABLE_NS_ASSERTIONS = NO;
				ENABLE_STRICT_OBJC_MSGSEND = YES;
				GCC_C_LANGUAGE_STANDARD = gnu99;
				GCC_NO_COMMON_BLOCKS = YES;
				GCC_WARN_64_TO_32_BIT_CONVERSION = YES;
				GCC_WARN_ABOUT_RETURN_TYPE = YES_ERROR;
				GCC_WARN_UNDECLARED_SELECTOR = YES;
				GCC_WARN_UNINITIALIZED_AUTOS = YES_AGGRESSIVE;
				GCC_WARN_UNUSED_FUNCTION = YES;
				GCC_WARN_UNUSED_VARIABLE = YES;
				IPHONEOS_DEPLOYMENT_TARGET = 9.3;
				MTL_ENABLE_DEBUG_INFO = NO;
				SDKROOT = iphoneos;
				VALIDATE_PRODUCT = YES;
			};
			name = Release;
		};
		3D86D7701CBBAB83001B936C /* Debug */ = {
			isa = XCBuildConfiguration;
			baseConfigurationReference = A84814533C0258F8EA1254A7 /* Pods-ThFrameworkPods.debug.xcconfig */;
			buildSettings = {
				ASSETCATALOG_COMPILER_APPICON_NAME = AppIcon;
				HEADER_SEARCH_PATHS = (
					"$(inherited)",
					"\"${PODS_ROOT}/Headers/Public\"",
					"\"${PODS_ROOT}/Headers/Public/AFNetworking\"",
					"\"${PODS_ROOT}/Headers/Public/KVOController\"",
					/usr/include/libxml2,
				);
				INFOPLIST_FILE = ThFrameworkPods/Info.plist;
				IPHONEOS_DEPLOYMENT_TARGET = 7.0;
				LD_RUNPATH_SEARCH_PATHS = "$(inherited) @executable_path/Frameworks";
				PRODUCT_BUNDLE_IDENTIFIER = Binson.ThFrameworkPods;
				PRODUCT_NAME = "$(TARGET_NAME)";
			};
			name = Debug;
		};
		3D86D7711CBBAB83001B936C /* Release */ = {
			isa = XCBuildConfiguration;
			baseConfigurationReference = A55C42E98AD524227765524B /* Pods-ThFrameworkPods.release.xcconfig */;
			buildSettings = {
				ASSETCATALOG_COMPILER_APPICON_NAME = AppIcon;
				HEADER_SEARCH_PATHS = (
					"$(inherited)",
					"\"${PODS_ROOT}/Headers/Public\"",
					"\"${PODS_ROOT}/Headers/Public/AFNetworking\"",
					"\"${PODS_ROOT}/Headers/Public/KVOController\"",
					/usr/include/libxml2,
				);
				INFOPLIST_FILE = ThFrameworkPods/Info.plist;
				IPHONEOS_DEPLOYMENT_TARGET = 7.0;
				LD_RUNPATH_SEARCH_PATHS = "$(inherited) @executable_path/Frameworks";
				PRODUCT_BUNDLE_IDENTIFIER = Binson.ThFrameworkPods;
				PRODUCT_NAME = "$(TARGET_NAME)";
			};
			name = Release;
		};
		3D86D7731CBBAB83001B936C /* Debug */ = {
			isa = XCBuildConfiguration;
			buildSettings = {
				BUNDLE_LOADER = "$(TEST_HOST)";
				INFOPLIST_FILE = ThFrameworkPodsTests/Info.plist;
				LD_RUNPATH_SEARCH_PATHS = "$(inherited) @executable_path/Frameworks @loader_path/Frameworks";
				PRODUCT_BUNDLE_IDENTIFIER = Binson.ThFrameworkPodsTests;
				PRODUCT_NAME = "$(TARGET_NAME)";
				TEST_HOST = "$(BUILT_PRODUCTS_DIR)/ThFrameworkPods.app/ThFrameworkPods";
			};
			name = Debug;
		};
		3D86D7741CBBAB83001B936C /* Release */ = {
			isa = XCBuildConfiguration;
			buildSettings = {
				BUNDLE_LOADER = "$(TEST_HOST)";
				INFOPLIST_FILE = ThFrameworkPodsTests/Info.plist;
				LD_RUNPATH_SEARCH_PATHS = "$(inherited) @executable_path/Frameworks @loader_path/Frameworks";
				PRODUCT_BUNDLE_IDENTIFIER = Binson.ThFrameworkPodsTests;
				PRODUCT_NAME = "$(TARGET_NAME)";
				TEST_HOST = "$(BUILT_PRODUCTS_DIR)/ThFrameworkPods.app/ThFrameworkPods";
			};
			name = Release;
		};
		3D86D7761CBBAB83001B936C /* Debug */ = {
			isa = XCBuildConfiguration;
			buildSettings = {
				INFOPLIST_FILE = ThFrameworkPodsUITests/Info.plist;
				LD_RUNPATH_SEARCH_PATHS = "$(inherited) @executable_path/Frameworks @loader_path/Frameworks";
				PRODUCT_BUNDLE_IDENTIFIER = Binson.ThFrameworkPodsUITests;
				PRODUCT_NAME = "$(TARGET_NAME)";
				TEST_TARGET_NAME = ThFrameworkPods;
			};
			name = Debug;
		};
		3D86D7771CBBAB83001B936C /* Release */ = {
			isa = XCBuildConfiguration;
			buildSettings = {
				INFOPLIST_FILE = ThFrameworkPodsUITests/Info.plist;
				LD_RUNPATH_SEARCH_PATHS = "$(inherited) @executable_path/Frameworks @loader_path/Frameworks";
				PRODUCT_BUNDLE_IDENTIFIER = Binson.ThFrameworkPodsUITests;
				PRODUCT_NAME = "$(TARGET_NAME)";
				TEST_TARGET_NAME = ThFrameworkPods;
			};
			name = Release;
		};
/* End XCBuildConfiguration section */

/* Begin XCConfigurationList section */
		3D86D73A1CBBAB83001B936C /* Build configuration list for PBXProject "ThFrameworkPods" */ = {
			isa = XCConfigurationList;
			buildConfigurations = (
				3D86D76D1CBBAB83001B936C /* Debug */,
				3D86D76E1CBBAB83001B936C /* Release */,
			);
			defaultConfigurationIsVisible = 0;
			defaultConfigurationName = Release;
		};
		3D86D76F1CBBAB83001B936C /* Build configuration list for PBXNativeTarget "ThFrameworkPods" */ = {
			isa = XCConfigurationList;
			buildConfigurations = (
				3D86D7701CBBAB83001B936C /* Debug */,
				3D86D7711CBBAB83001B936C /* Release */,
			);
			defaultConfigurationIsVisible = 0;
			defaultConfigurationName = Release;
		};
		3D86D7721CBBAB83001B936C /* Build configuration list for PBXNativeTarget "ThFrameworkPodsTests" */ = {
			isa = XCConfigurationList;
			buildConfigurations = (
				3D86D7731CBBAB83001B936C /* Debug */,
				3D86D7741CBBAB83001B936C /* Release */,
			);
			defaultConfigurationIsVisible = 0;
			defaultConfigurationName = Release;
		};
		3D86D7751CBBAB83001B936C /* Build configuration list for PBXNativeTarget "ThFrameworkPodsUITests" */ = {
			isa = XCConfigurationList;
			buildConfigurations = (
				3D86D7761CBBAB83001B936C /* Debug */,
				3D86D7771CBBAB83001B936C /* Release */,
			);
			defaultConfigurationIsVisible = 0;
			defaultConfigurationName = Release;
		};
/* End XCConfigurationList section */

/* Begin XCVersionGroup section */
		3D86D74E1CBBAB83001B936C /* ThFrameworkPods.xcdatamodeld */ = {
			isa = XCVersionGroup;
			children = (
				3D86D74F1CBBAB83001B936C /* ThFrameworkPods.xcdatamodel */,
			);
			currentVersion = 3D86D74F1CBBAB83001B936C /* ThFrameworkPods.xcdatamodel */;
			path = ThFrameworkPods.xcdatamodeld;
			sourceTree = "<group>";
			versionGroupType = wrapper.xcdatamodel;
		};
/* End XCVersionGroup section */
	};
	rootObject = 3D86D7371CBBAB83001B936C /* Project object */;
}
